
Microsoft Visual Studio Solution File, Format Version 12.00
# Visual Studio 15
VisualStudioVersion = 15.0.27703.2042
MinimumVisualStudioVersion = 10.0.40219.1
Project("{FAE04EC0-301F-11D3-BF4B-00C04F79EFBC}") = "Kravat", "Kravat\Kravat.csproj", "{BE3A6B71-52DA-4666-AD39-6BDCC27E0B59}"
EndProject
Project("{FAE04EC0-301F-11D3-BF4B-00C04F79EFBC}") = "Kravat.Tests", "Kravat.Tests\Kravat.Tests.csproj", "{6C80823C-8F2D-4415-92F6-C6B0FC119CBC}"
EndProject
Project("{FAE04EC0-301F-11D3-BF4B-00C04F79EFBC}") = "Kravat.EntityFramework6", "Kravat.EntityFramework6\Kravat.EntityFramework6.csproj", "{AB804E54-7E28-41AC-B84F-BC84CF1C5EFE}"
EndProject
Global
	GlobalSection(SolutionConfigurationPlatforms) = preSolution
		Debug|Any CPU = Debug|Any CPU
		Release|Any CPU = Release|Any CPU
	EndGlobalSection
	GlobalSection(ProjectConfigurationPlatforms) = postSolution
		{BE3A6B71-52DA-4666-AD39-6BDCC27E0B59}.Debug|Any CPU.ActiveCfg = Debug|Any CPU
		{BE3A6B71-52DA-4666-AD39-6BDCC27E0B59}.Debug|Any CPU.Build.0 = Debug|Any CPU
		{BE3A6B71-52DA-4666-AD39-6BDCC27E0B59}.Release|Any CPU.ActiveCfg = Release|Any CPU
		{BE3A6B71-52DA-4666-AD39-6BDCC27E0B59}.Release|Any CPU.Build.0 = Release|Any CPU
		{6C80823C-8F2D-4415-92F6-C6B0FC119CBC}.Debug|Any CPU.ActiveCfg = Debug|Any CPU
		{6C80823C-8F2D-4415-92F6-C6B0FC119CBC}.Debug|Any CPU.Build.0 = Debug|Any CPU
		{6C80823C-8F2D-4415-92F6-C6B0FC119CBC}.Release|Any CPU.ActiveCfg = Release|Any CPU
		{6C80823C-8F2D-4415-92F6-C6B0FC119CBC}.Release|Any CPU.Build.0 = Release|Any CPU
		{AB804E54-7E28-41AC-B84F-BC84CF1C5EFE}.Debug|Any CPU.ActiveCfg = Debug|Any CPU
		{AB804E54-7E28-41AC-B84F-BC84CF1C5EFE}.Debug|Any CPU.Build.0 = Debug|Any CPU
		{AB804E54-7E28-41AC-B84F-BC84CF1C5EFE}.Release|Any CPU.ActiveCfg = Release|Any CPU
		{AB804E54-7E28-41AC-B84F-BC84CF1C5EFE}.Release|Any CPU.Build.0 = Release|Any CPU
	EndGlobalSection
	GlobalSection(SolutionProperties) = preSolution
		HideSolutionNode = FALSE
	EndGlobalSection
	GlobalSection(ExtensibilityGlobals) = postSolution
		SolutionGuid = {5E30EAD8-8C63-45E3-9384-8BA577E479CF}
	EndGlobalSection
EndGlobal
